
Microsoft Visual Studio Solution File, Format Version 12.00
# Visual Studio 15
VisualStudioVersion = 15.0.26228.4
MinimumVisualStudioVersion = 10.0.40219.1
Project("{FAE04EC0-301F-11D3-BF4B-00C04F79EFBC}") = "2013105920-CON", "2013105920-CON\2013105920-CON.csproj", "{E71B8FDD-615D-45B5-A404-F2960143C837}"
EndProject
Project("{FAE04EC0-301F-11D3-BF4B-00C04F79EFBC}") = "2013105920-ENT", "2013105920-ENT\2013105920-ENT.csproj", "{CC920BEC-2928-4A4A-BDFE-AA32530D2072}"
EndProject
Project("{FAE04EC0-301F-11D3-BF4B-00C04F79EFBC}") = "2013105920-PER", "2013105920-PER\2013105920-PER.csproj", "{7542B974-1388-405A-9180-975CBF57D3F6}"
EndProject
Project("{FAE04EC0-301F-11D3-BF4B-00C04F79EFBC}") = "2013105920-MVC", "2013105920-MVC\2013105920-MVC.csproj", "{C932C90C-8ADF-43E0-9D7D-98A7C279F9EF}"
EndProject
Project("{FAE04EC0-301F-11D3-BF4B-00C04F79EFBC}") = "2013105920-API", "2013105920-API\2013105920-API.csproj", "{C64C36CB-0C4E-49A9-8AA9-5711FFC80EE3}"
EndProject
Project("{FAE04EC0-301F-11D3-BF4B-00C04F79EFBC}") = "WebApplication1", "WebApplication1\WebApplication1.csproj", "{464D56E4-C87A-4397-96E5-4ABF9D441BE2}"
EndProject
Global
	GlobalSection(SolutionConfigurationPlatforms) = preSolution
		Debug|Any CPU = Debug|Any CPU
		Release|Any CPU = Release|Any CPU
	EndGlobalSection
	GlobalSection(ProjectConfigurationPlatforms) = postSolution
		{E71B8FDD-615D-45B5-A404-F2960143C837}.Debug|Any CPU.ActiveCfg = Debug|Any CPU
		{E71B8FDD-615D-45B5-A404-F2960143C837}.Debug|Any CPU.Build.0 = Debug|Any CPU
		{E71B8FDD-615D-45B5-A404-F2960143C837}.Release|Any CPU.ActiveCfg = Release|Any CPU
		{E71B8FDD-615D-45B5-A404-F2960143C837}.Release|Any CPU.Build.0 = Release|Any CPU
		{CC920BEC-2928-4A4A-BDFE-AA32530D2072}.Debug|Any CPU.ActiveCfg = Debug|Any CPU
		{CC920BEC-2928-4A4A-BDFE-AA32530D2072}.Debug|Any CPU.Build.0 = Debug|Any CPU
		{CC920BEC-2928-4A4A-BDFE-AA32530D2072}.Release|Any CPU.ActiveCfg = Release|Any CPU
		{CC920BEC-2928-4A4A-BDFE-AA32530D2072}.Release|Any CPU.Build.0 = Release|Any CPU
		{7542B974-1388-405A-9180-975CBF57D3F6}.Debug|Any CPU.ActiveCfg = Debug|Any CPU
		{7542B974-1388-405A-9180-975CBF57D3F6}.Debug|Any CPU.Build.0 = Debug|Any CPU
		{7542B974-1388-405A-9180-975CBF57D3F6}.Release|Any CPU.ActiveCfg = Release|Any CPU
		{7542B974-1388-405A-9180-975CBF57D3F6}.Release|Any CPU.Build.0 = Release|Any CPU
		{C932C90C-8ADF-43E0-9D7D-98A7C279F9EF}.Debug|Any CPU.ActiveCfg = Debug|Any CPU
		{C932C90C-8ADF-43E0-9D7D-98A7C279F9EF}.Debug|Any CPU.Build.0 = Debug|Any CPU
		{C932C90C-8ADF-43E0-9D7D-98A7C279F9EF}.Release|Any CPU.ActiveCfg = Release|Any CPU
		{C932C90C-8ADF-43E0-9D7D-98A7C279F9EF}.Release|Any CPU.Build.0 = Release|Any CPU
		{C64C36CB-0C4E-49A9-8AA9-5711FFC80EE3}.Debug|Any CPU.ActiveCfg = Debug|Any CPU
		{C64C36CB-0C4E-49A9-8AA9-5711FFC80EE3}.Debug|Any CPU.Build.0 = Debug|Any CPU
		{C64C36CB-0C4E-49A9-8AA9-5711FFC80EE3}.Release|Any CPU.ActiveCfg = Release|Any CPU
		{C64C36CB-0C4E-49A9-8AA9-5711FFC80EE3}.Release|Any CPU.Build.0 = Release|Any CPU
		{464D56E4-C87A-4397-96E5-4ABF9D441BE2}.Debug|Any CPU.ActiveCfg = Debug|Any CPU
		{464D56E4-C87A-4397-96E5-4ABF9D441BE2}.Debug|Any CPU.Build.0 = Debug|Any CPU
		{464D56E4-C87A-4397-96E5-4ABF9D441BE2}.Release|Any CPU.ActiveCfg = Release|Any CPU
		{464D56E4-C87A-4397-96E5-4ABF9D441BE2}.Release|Any CPU.Build.0 = Release|Any CPU
	EndGlobalSection
	GlobalSection(SolutionProperties) = preSolution
		HideSolutionNode = FALSE
	EndGlobalSection
EndGlobal
